// !$*UTF8*$!
{
	archiveVersion = 1;
	classes = {
	};
	objectVersion = 46;
	objects = {

/* Begin PBXBuildFile section */
		3D0D88C41B31289600978C3A /* SalesCell.swift in Sources */ = {isa = PBXBuildFile; fileRef = 3D0D88C21B31289600978C3A /* SalesCell.swift */; };
		3D0D88C51B31289600978C3A /* SalesCell.xib in Resources */ = {isa = PBXBuildFile; fileRef = 3D0D88C31B31289600978C3A /* SalesCell.xib */; };
		3D0D88EA1B31293000978C3A /* MKAnnotationView+WebCache.m in Sources */ = {isa = PBXBuildFile; fileRef = 3D0D88CA1B31293000978C3A /* MKAnnotationView+WebCache.m */; };
		3D0D88EB1B31293000978C3A /* NSData+ImageContentType.m in Sources */ = {isa = PBXBuildFile; fileRef = 3D0D88CC1B31293000978C3A /* NSData+ImageContentType.m */; };
		3D0D88EC1B31293000978C3A /* SDImageCache.m in Sources */ = {isa = PBXBuildFile; fileRef = 3D0D88CE1B31293000978C3A /* SDImageCache.m */; };
		3D0D88ED1B31293000978C3A /* SDWebImageCompat.m in Sources */ = {isa = PBXBuildFile; fileRef = 3D0D88D01B31293000978C3A /* SDWebImageCompat.m */; };
		3D0D88EE1B31293000978C3A /* SDWebImageDecoder.m in Sources */ = {isa = PBXBuildFile; fileRef = 3D0D88D21B31293000978C3A /* SDWebImageDecoder.m */; };
		3D0D88EF1B31293000978C3A /* SDWebImageDownloader.m in Sources */ = {isa = PBXBuildFile; fileRef = 3D0D88D41B31293000978C3A /* SDWebImageDownloader.m */; };
		3D0D88F01B31293000978C3A /* SDWebImageDownloaderOperation.m in Sources */ = {isa = PBXBuildFile; fileRef = 3D0D88D61B31293000978C3A /* SDWebImageDownloaderOperation.m */; };
		3D0D88F11B31293000978C3A /* SDWebImageManager.m in Sources */ = {isa = PBXBuildFile; fileRef = 3D0D88D81B31293000978C3A /* SDWebImageManager.m */; };
		3D0D88F21B31293000978C3A /* SDWebImagePrefetcher.m in Sources */ = {isa = PBXBuildFile; fileRef = 3D0D88DB1B31293000978C3A /* SDWebImagePrefetcher.m */; };
		3D0D88F31B31293000978C3A /* UIButton+WebCache.m in Sources */ = {isa = PBXBuildFile; fileRef = 3D0D88DD1B31293000978C3A /* UIButton+WebCache.m */; };
		3D0D88F41B31293000978C3A /* UIImage+GIF.m in Sources */ = {isa = PBXBuildFile; fileRef = 3D0D88DF1B31293000978C3A /* UIImage+GIF.m */; };
		3D0D88F51B31293000978C3A /* UIImage+MultiFormat.m in Sources */ = {isa = PBXBuildFile; fileRef = 3D0D88E11B31293000978C3A /* UIImage+MultiFormat.m */; };
		3D0D88F61B31293000978C3A /* UIImage+WebP.m in Sources */ = {isa = PBXBuildFile; fileRef = 3D0D88E31B31293000978C3A /* UIImage+WebP.m */; };
		3D0D88F71B31293000978C3A /* UIImageView+HighlightedWebCache.m in Sources */ = {isa = PBXBuildFile; fileRef = 3D0D88E51B31293000978C3A /* UIImageView+HighlightedWebCache.m */; };
		3D0D88F81B31293000978C3A /* UIImageView+WebCache.m in Sources */ = {isa = PBXBuildFile; fileRef = 3D0D88E71B31293000978C3A /* UIImageView+WebCache.m */; };
		3D0D88F91B31293000978C3A /* UIView+WebCacheOperation.m in Sources */ = {isa = PBXBuildFile; fileRef = 3D0D88E91B31293000978C3A /* UIView+WebCacheOperation.m */; };
		CD24979D1B2FC8DA00AE688F /* AppDelegate.swift in Sources */ = {isa = PBXBuildFile; fileRef = CD24979C1B2FC8DA00AE688F /* AppDelegate.swift */; };
		CD24979F1B2FC8DA00AE688F /* MasterViewController.swift in Sources */ = {isa = PBXBuildFile; fileRef = CD24979E1B2FC8DA00AE688F /* MasterViewController.swift */; };
		CD2497A21B2FC8DA00AE688F /* Main.storyboard in Resources */ = {isa = PBXBuildFile; fileRef = CD2497A01B2FC8DA00AE688F /* Main.storyboard */; };
		CD2497A41B2FC8DA00AE688F /* Images.xcassets in Resources */ = {isa = PBXBuildFile; fileRef = CD2497A31B2FC8DA00AE688F /* Images.xcassets */; };
		CD2497A71B2FC8DA00AE688F /* LaunchScreen.xib in Resources */ = {isa = PBXBuildFile; fileRef = CD2497A51B2FC8DA00AE688F /* LaunchScreen.xib */; };
		CD2497B31B2FC8DA00AE688F /* mushroomTests.swift in Sources */ = {isa = PBXBuildFile; fileRef = CD2497B21B2FC8DA00AE688F /* mushroomTests.swift */; };
		CD2497C41B2FF3B000AE688F /* Bolts.framework in Frameworks */ = {isa = PBXBuildFile; fileRef = CD2497BE1B2FF3B000AE688F /* Bolts.framework */; };
		CD2497C51B2FF3B000AE688F /* Parse.framework in Frameworks */ = {isa = PBXBuildFile; fileRef = CD2497BF1B2FF3B000AE688F /* Parse.framework */; };
		CD2497C61B2FF3B000AE688F /* ParseCrashReporting.framework in Frameworks */ = {isa = PBXBuildFile; fileRef = CD2497C01B2FF3B000AE688F /* ParseCrashReporting.framework */; };
		CD2497C71B2FF3B000AE688F /* ParseFacebookUtils.framework in Frameworks */ = {isa = PBXBuildFile; fileRef = CD2497C11B2FF3B000AE688F /* ParseFacebookUtils.framework */; };
		CD2497C81B2FF3B000AE688F /* ParseFacebookUtilsV4.framework in Frameworks */ = {isa = PBXBuildFile; fileRef = CD2497C21B2FF3B000AE688F /* ParseFacebookUtilsV4.framework */; };
		CD2497C91B2FF3B000AE688F /* ParseUI.framework in Frameworks */ = {isa = PBXBuildFile; fileRef = CD2497C31B2FF3B000AE688F /* ParseUI.framework */; };
		CD2497CB1B2FF3E900AE688F /* AudioToolbox.framework in Frameworks */ = {isa = PBXBuildFile; fileRef = CD2497CA1B2FF3E900AE688F /* AudioToolbox.framework */; };
		CD2497CD1B2FF3F200AE688F /* CFNetwork.framework in Frameworks */ = {isa = PBXBuildFile; fileRef = CD2497CC1B2FF3F200AE688F /* CFNetwork.framework */; };
		CD2497CF1B2FF3FC00AE688F /* CoreGraphics.framework in Frameworks */ = {isa = PBXBuildFile; fileRef = CD2497CE1B2FF3FC00AE688F /* CoreGraphics.framework */; };
		CD2497D11B2FF40700AE688F /* CoreLocation.framework in Frameworks */ = {isa = PBXBuildFile; fileRef = CD2497D01B2FF40700AE688F /* CoreLocation.framework */; };
		CD2497D31B2FF41100AE688F /* MobileCoreServices.framework in Frameworks */ = {isa = PBXBuildFile; fileRef = CD2497D21B2FF41100AE688F /* MobileCoreServices.framework */; };
		CD2497D51B2FF41D00AE688F /* QuartzCore.framework in Frameworks */ = {isa = PBXBuildFile; fileRef = CD2497D41B2FF41D00AE688F /* QuartzCore.framework */; };
		CD2497D71B2FF42600AE688F /* Security.framework in Frameworks */ = {isa = PBXBuildFile; fileRef = CD2497D61B2FF42600AE688F /* Security.framework */; };
		CD2497D91B2FF43A00AE688F /* StoreKit.framework in Frameworks */ = {isa = PBXBuildFile; fileRef = CD2497D81B2FF43A00AE688F /* StoreKit.framework */; };
		CD2497DB1B2FF44700AE688F /* SystemConfiguration.framework in Frameworks */ = {isa = PBXBuildFile; fileRef = CD2497DA1B2FF44700AE688F /* SystemConfiguration.framework */; };
		CD2497DD1B2FF45700AE688F /* libz.dylib in Frameworks */ = {isa = PBXBuildFile; fileRef = CD2497DC1B2FF45700AE688F /* libz.dylib */; };
		CD2497DF1B2FF46900AE688F /* libsqlite3.dylib in Frameworks */ = {isa = PBXBuildFile; fileRef = CD2497DE1B2FF46900AE688F /* libsqlite3.dylib */; };
		CD2497E11B2FF47300AE688F /* Accounts.framework in Frameworks */ = {isa = PBXBuildFile; fileRef = CD2497E01B2FF47300AE688F /* Accounts.framework */; };
		CD2497E31B2FF47B00AE688F /* Social.framework in Frameworks */ = {isa = PBXBuildFile; fileRef = CD2497E21B2FF47B00AE688F /* Social.framework */; };
		CD2497E71B3008FA00AE688F /* OpenOffCell.swift in Sources */ = {isa = PBXBuildFile; fileRef = CD2497E51B3008FA00AE688F /* OpenOffCell.swift */; };
		CD2497E81B3008FA00AE688F /* OpenOffCell.xib in Resources */ = {isa = PBXBuildFile; fileRef = CD2497E61B3008FA00AE688F /* OpenOffCell.xib */; };
/* End PBXBuildFile section */

/* Begin PBXContainerItemProxy section */
		CD2497AD1B2FC8DA00AE688F /* PBXContainerItemProxy */ = {
			isa = PBXContainerItemProxy;
			containerPortal = CD24978F1B2FC8DA00AE688F /* Project object */;
			proxyType = 1;
			remoteGlobalIDString = CD2497961B2FC8DA00AE688F;
			remoteInfo = mushroom;
		};
/* End PBXContainerItemProxy section */

/* Begin PBXFileReference section */
		3D0D88C21B31289600978C3A /* SalesCell.swift */ = {isa = PBXFileReference; fileEncoding = 4; lastKnownFileType = sourcecode.swift; name = SalesCell.swift; path = Cells/SalesCell.swift; sourceTree = "<group>"; };
		3D0D88C31B31289600978C3A /* SalesCell.xib */ = {isa = PBXFileReference; fileEncoding = 4; lastKnownFileType = file.xib; name = SalesCell.xib; path = Cells/SalesCell.xib; sourceTree = "<group>"; };
		3D0D88C91B31293000978C3A /* MKAnnotationView+WebCache.h */ = {isa = PBXFileReference; fileEncoding = 4; lastKnownFileType = sourcecode.c.h; path = "MKAnnotationView+WebCache.h"; sourceTree = "<group>"; };
		3D0D88CA1B31293000978C3A /* MKAnnotationView+WebCache.m */ = {isa = PBXFileReference; fileEncoding = 4; lastKnownFileType = sourcecode.c.objc; path = "MKAnnotationView+WebCache.m"; sourceTree = "<group>"; };
		3D0D88CB1B31293000978C3A /* NSData+ImageContentType.h */ = {isa = PBXFileReference; fileEncoding = 4; lastKnownFileType = sourcecode.c.h; path = "NSData+ImageContentType.h"; sourceTree = "<group>"; };
		3D0D88CC1B31293000978C3A /* NSData+ImageContentType.m */ = {isa = PBXFileReference; fileEncoding = 4; lastKnownFileType = sourcecode.c.objc; path = "NSData+ImageContentType.m"; sourceTree = "<group>"; };
		3D0D88CD1B31293000978C3A /* SDImageCache.h */ = {isa = PBXFileReference; fileEncoding = 4; lastKnownFileType = sourcecode.c.h; path = SDImageCache.h; sourceTree = "<group>"; };
		3D0D88CE1B31293000978C3A /* SDImageCache.m */ = {isa = PBXFileReference; fileEncoding = 4; lastKnownFileType = sourcecode.c.objc; path = SDImageCache.m; sourceTree = "<group>"; };
		3D0D88CF1B31293000978C3A /* SDWebImageCompat.h */ = {isa = PBXFileReference; fileEncoding = 4; lastKnownFileType = sourcecode.c.h; path = SDWebImageCompat.h; sourceTree = "<group>"; };
		3D0D88D01B31293000978C3A /* SDWebImageCompat.m */ = {isa = PBXFileReference; fileEncoding = 4; lastKnownFileType = sourcecode.c.objc; path = SDWebImageCompat.m; sourceTree = "<group>"; };
		3D0D88D11B31293000978C3A /* SDWebImageDecoder.h */ = {isa = PBXFileReference; fileEncoding = 4; lastKnownFileType = sourcecode.c.h; path = SDWebImageDecoder.h; sourceTree = "<group>"; };
		3D0D88D21B31293000978C3A /* SDWebImageDecoder.m */ = {isa = PBXFileReference; fileEncoding = 4; lastKnownFileType = sourcecode.c.objc; path = SDWebImageDecoder.m; sourceTree = "<group>"; };
		3D0D88D31B31293000978C3A /* SDWebImageDownloader.h */ = {isa = PBXFileReference; fileEncoding = 4; lastKnownFileType = sourcecode.c.h; path = SDWebImageDownloader.h; sourceTree = "<group>"; };
		3D0D88D41B31293000978C3A /* SDWebImageDownloader.m */ = {isa = PBXFileReference; fileEncoding = 4; lastKnownFileType = sourcecode.c.objc; path = SDWebImageDownloader.m; sourceTree = "<group>"; };
		3D0D88D51B31293000978C3A /* SDWebImageDownloaderOperation.h */ = {isa = PBXFileReference; fileEncoding = 4; lastKnownFileType = sourcecode.c.h; path = SDWebImageDownloaderOperation.h; sourceTree = "<group>"; };
		3D0D88D61B31293000978C3A /* SDWebImageDownloaderOperation.m */ = {isa = PBXFileReference; fileEncoding = 4; lastKnownFileType = sourcecode.c.objc; path = SDWebImageDownloaderOperation.m; sourceTree = "<group>"; };
		3D0D88D71B31293000978C3A /* SDWebImageManager.h */ = {isa = PBXFileReference; fileEncoding = 4; lastKnownFileType = sourcecode.c.h; path = SDWebImageManager.h; sourceTree = "<group>"; };
		3D0D88D81B31293000978C3A /* SDWebImageManager.m */ = {isa = PBXFileReference; fileEncoding = 4; lastKnownFileType = sourcecode.c.objc; path = SDWebImageManager.m; sourceTree = "<group>"; };
		3D0D88D91B31293000978C3A /* SDWebImageOperation.h */ = {isa = PBXFileReference; fileEncoding = 4; lastKnownFileType = sourcecode.c.h; path = SDWebImageOperation.h; sourceTree = "<group>"; };
		3D0D88DA1B31293000978C3A /* SDWebImagePrefetcher.h */ = {isa = PBXFileReference; fileEncoding = 4; lastKnownFileType = sourcecode.c.h; path = SDWebImagePrefetcher.h; sourceTree = "<group>"; };
		3D0D88DB1B31293000978C3A /* SDWebImagePrefetcher.m */ = {isa = PBXFileReference; fileEncoding = 4; lastKnownFileType = sourcecode.c.objc; path = SDWebImagePrefetcher.m; sourceTree = "<group>"; };
		3D0D88DC1B31293000978C3A /* UIButton+WebCache.h */ = {isa = PBXFileReference; fileEncoding = 4; lastKnownFileType = sourcecode.c.h; path = "UIButton+WebCache.h"; sourceTree = "<group>"; };
		3D0D88DD1B31293000978C3A /* UIButton+WebCache.m */ = {isa = PBXFileReference; fileEncoding = 4; lastKnownFileType = sourcecode.c.objc; path = "UIButton+WebCache.m"; sourceTree = "<group>"; };
		3D0D88DE1B31293000978C3A /* UIImage+GIF.h */ = {isa = PBXFileReference; fileEncoding = 4; lastKnownFileType = sourcecode.c.h; path = "UIImage+GIF.h"; sourceTree = "<group>"; };
		3D0D88DF1B31293000978C3A /* UIImage+GIF.m */ = {isa = PBXFileReference; fileEncoding = 4; lastKnownFileType = sourcecode.c.objc; path = "UIImage+GIF.m"; sourceTree = "<group>"; };
		3D0D88E01B31293000978C3A /* UIImage+MultiFormat.h */ = {isa = PBXFileReference; fileEncoding = 4; lastKnownFileType = sourcecode.c.h; path = "UIImage+MultiFormat.h"; sourceTree = "<group>"; };
		3D0D88E11B31293000978C3A /* UIImage+MultiFormat.m */ = {isa = PBXFileReference; fileEncoding = 4; lastKnownFileType = sourcecode.c.objc; path = "UIImage+MultiFormat.m"; sourceTree = "<group>"; };
		3D0D88E21B31293000978C3A /* UIImage+WebP.h */ = {isa = PBXFileReference; fileEncoding = 4; lastKnownFileType = sourcecode.c.h; path = "UIImage+WebP.h"; sourceTree = "<group>"; };
		3D0D88E31B31293000978C3A /* UIImage+WebP.m */ = {isa = PBXFileReference; fileEncoding = 4; lastKnownFileType = sourcecode.c.objc; path = "UIImage+WebP.m"; sourceTree = "<group>"; };
		3D0D88E41B31293000978C3A /* UIImageView+HighlightedWebCache.h */ = {isa = PBXFileReference; fileEncoding = 4; lastKnownFileType = sourcecode.c.h; path = "UIImageView+HighlightedWebCache.h"; sourceTree = "<group>"; };
		3D0D88E51B31293000978C3A /* UIImageView+HighlightedWebCache.m */ = {isa = PBXFileReference; fileEncoding = 4; lastKnownFileType = sourcecode.c.objc; path = "UIImageView+HighlightedWebCache.m"; sourceTree = "<group>"; };
		3D0D88E61B31293000978C3A /* UIImageView+WebCache.h */ = {isa = PBXFileReference; fileEncoding = 4; lastKnownFileType = sourcecode.c.h; path = "UIImageView+WebCache.h"; sourceTree = "<group>"; };
		3D0D88E71B31293000978C3A /* UIImageView+WebCache.m */ = {isa = PBXFileReference; fileEncoding = 4; lastKnownFileType = sourcecode.c.objc; path = "UIImageView+WebCache.m"; sourceTree = "<group>"; };
		3D0D88E81B31293000978C3A /* UIView+WebCacheOperation.h */ = {isa = PBXFileReference; fileEncoding = 4; lastKnownFileType = sourcecode.c.h; path = "UIView+WebCacheOperation.h"; sourceTree = "<group>"; };
		3D0D88E91B31293000978C3A /* UIView+WebCacheOperation.m */ = {isa = PBXFileReference; fileEncoding = 4; lastKnownFileType = sourcecode.c.objc; path = "UIView+WebCacheOperation.m"; sourceTree = "<group>"; };
		3D0D88FA1B31424500978C3A /* mushroom-Bridging-Header.h */ = {isa = PBXFileReference; fileEncoding = 4; lastKnownFileType = sourcecode.c.h; path = "mushroom-Bridging-Header.h"; sourceTree = "<group>"; };
		CD2497971B2FC8DA00AE688F /* mushroom.app */ = {isa = PBXFileReference; explicitFileType = wrapper.application; includeInIndex = 0; path = mushroom.app; sourceTree = BUILT_PRODUCTS_DIR; };
		CD24979B1B2FC8DA00AE688F /* Info.plist */ = {isa = PBXFileReference; lastKnownFileType = text.plist.xml; path = Info.plist; sourceTree = "<group>"; };
		CD24979C1B2FC8DA00AE688F /* AppDelegate.swift */ = {isa = PBXFileReference; lastKnownFileType = sourcecode.swift; path = AppDelegate.swift; sourceTree = "<group>"; };
		CD24979E1B2FC8DA00AE688F /* MasterViewController.swift */ = {isa = PBXFileReference; lastKnownFileType = sourcecode.swift; path = MasterViewController.swift; sourceTree = "<group>"; };
		CD2497A11B2FC8DA00AE688F /* Base */ = {isa = PBXFileReference; lastKnownFileType = file.storyboard; name = Base; path = Base.lproj/Main.storyboard; sourceTree = "<group>"; };
		CD2497A31B2FC8DA00AE688F /* Images.xcassets */ = {isa = PBXFileReference; lastKnownFileType = folder.assetcatalog; path = Images.xcassets; sourceTree = "<group>"; };
		CD2497A61B2FC8DA00AE688F /* Base */ = {isa = PBXFileReference; lastKnownFileType = file.xib; name = Base; path = Base.lproj/LaunchScreen.xib; sourceTree = "<group>"; };
		CD2497AC1B2FC8DA00AE688F /* mushroomTests.xctest */ = {isa = PBXFileReference; explicitFileType = wrapper.cfbundle; includeInIndex = 0; path = mushroomTests.xctest; sourceTree = BUILT_PRODUCTS_DIR; };
		CD2497B11B2FC8DA00AE688F /* Info.plist */ = {isa = PBXFileReference; lastKnownFileType = text.plist.xml; path = Info.plist; sourceTree = "<group>"; };
		CD2497B21B2FC8DA00AE688F /* mushroomTests.swift */ = {isa = PBXFileReference; lastKnownFileType = sourcecode.swift; path = mushroomTests.swift; sourceTree = "<group>"; };
		CD2497BE1B2FF3B000AE688F /* Bolts.framework */ = {isa = PBXFileReference; lastKnownFileType = wrapper.framework; path = Bolts.framework; sourceTree = "<group>"; };
		CD2497BF1B2FF3B000AE688F /* Parse.framework */ = {isa = PBXFileReference; lastKnownFileType = wrapper.framework; path = Parse.framework; sourceTree = "<group>"; };
		CD2497C01B2FF3B000AE688F /* ParseCrashReporting.framework */ = {isa = PBXFileReference; lastKnownFileType = wrapper.framework; path = ParseCrashReporting.framework; sourceTree = "<group>"; };
		CD2497C11B2FF3B000AE688F /* ParseFacebookUtils.framework */ = {isa = PBXFileReference; lastKnownFileType = wrapper.framework; path = ParseFacebookUtils.framework; sourceTree = "<group>"; };
		CD2497C21B2FF3B000AE688F /* ParseFacebookUtilsV4.framework */ = {isa = PBXFileReference; lastKnownFileType = wrapper.framework; path = ParseFacebookUtilsV4.framework; sourceTree = "<group>"; };
		CD2497C31B2FF3B000AE688F /* ParseUI.framework */ = {isa = PBXFileReference; lastKnownFileType = wrapper.framework; path = ParseUI.framework; sourceTree = "<group>"; };
		CD2497CA1B2FF3E900AE688F /* AudioToolbox.framework */ = {isa = PBXFileReference; lastKnownFileType = wrapper.framework; name = AudioToolbox.framework; path = System/Library/Frameworks/AudioToolbox.framework; sourceTree = SDKROOT; };
		CD2497CC1B2FF3F200AE688F /* CFNetwork.framework */ = {isa = PBXFileReference; lastKnownFileType = wrapper.framework; name = CFNetwork.framework; path = System/Library/Frameworks/CFNetwork.framework; sourceTree = SDKROOT; };
		CD2497CE1B2FF3FC00AE688F /* CoreGraphics.framework */ = {isa = PBXFileReference; lastKnownFileType = wrapper.framework; name = CoreGraphics.framework; path = System/Library/Frameworks/CoreGraphics.framework; sourceTree = SDKROOT; };
		CD2497D01B2FF40700AE688F /* CoreLocation.framework */ = {isa = PBXFileReference; lastKnownFileType = wrapper.framework; name = CoreLocation.framework; path = System/Library/Frameworks/CoreLocation.framework; sourceTree = SDKROOT; };
		CD2497D21B2FF41100AE688F /* MobileCoreServices.framework */ = {isa = PBXFileReference; lastKnownFileType = wrapper.framework; name = MobileCoreServices.framework; path = System/Library/Frameworks/MobileCoreServices.framework; sourceTree = SDKROOT; };
		CD2497D41B2FF41D00AE688F /* QuartzCore.framework */ = {isa = PBXFileReference; lastKnownFileType = wrapper.framework; name = QuartzCore.framework; path = System/Library/Frameworks/QuartzCore.framework; sourceTree = SDKROOT; };
		CD2497D61B2FF42600AE688F /* Security.framework */ = {isa = PBXFileReference; lastKnownFileType = wrapper.framework; name = Security.framework; path = System/Library/Frameworks/Security.framework; sourceTree = SDKROOT; };
		CD2497D81B2FF43A00AE688F /* StoreKit.framework */ = {isa = PBXFileReference; lastKnownFileType = wrapper.framework; name = StoreKit.framework; path = System/Library/Frameworks/StoreKit.framework; sourceTree = SDKROOT; };
		CD2497DA1B2FF44700AE688F /* SystemConfiguration.framework */ = {isa = PBXFileReference; lastKnownFileType = wrapper.framework; name = SystemConfiguration.framework; path = System/Library/Frameworks/SystemConfiguration.framework; sourceTree = SDKROOT; };
		CD2497DC1B2FF45700AE688F /* libz.dylib */ = {isa = PBXFileReference; lastKnownFileType = "compiled.mach-o.dylib"; name = libz.dylib; path = usr/lib/libz.dylib; sourceTree = SDKROOT; };
		CD2497DE1B2FF46900AE688F /* libsqlite3.dylib */ = {isa = PBXFileReference; lastKnownFileType = "compiled.mach-o.dylib"; name = libsqlite3.dylib; path = usr/lib/libsqlite3.dylib; sourceTree = SDKROOT; };
		CD2497E01B2FF47300AE688F /* Accounts.framework */ = {isa = PBXFileReference; lastKnownFileType = wrapper.framework; name = Accounts.framework; path = System/Library/Frameworks/Accounts.framework; sourceTree = SDKROOT; };
		CD2497E21B2FF47B00AE688F /* Social.framework */ = {isa = PBXFileReference; lastKnownFileType = wrapper.framework; name = Social.framework; path = System/Library/Frameworks/Social.framework; sourceTree = SDKROOT; };
		CD2497E51B3008FA00AE688F /* OpenOffCell.swift */ = {isa = PBXFileReference; fileEncoding = 4; lastKnownFileType = sourcecode.swift; name = OpenOffCell.swift; path = Cells/OpenOffCell.swift; sourceTree = "<group>"; };
		CD2497E61B3008FA00AE688F /* OpenOffCell.xib */ = {isa = PBXFileReference; fileEncoding = 4; lastKnownFileType = file.xib; name = OpenOffCell.xib; path = Cells/OpenOffCell.xib; sourceTree = "<group>"; };
/* End PBXFileReference section */

/* Begin PBXFrameworksBuildPhase section */
		CD2497941B2FC8DA00AE688F /* Frameworks */ = {
			isa = PBXFrameworksBuildPhase;
			buildActionMask = 2147483647;
			files = (
				CD2497E31B2FF47B00AE688F /* Social.framework in Frameworks */,
				CD2497E11B2FF47300AE688F /* Accounts.framework in Frameworks */,
				CD2497DF1B2FF46900AE688F /* libsqlite3.dylib in Frameworks */,
				CD2497DD1B2FF45700AE688F /* libz.dylib in Frameworks */,
				CD2497DB1B2FF44700AE688F /* SystemConfiguration.framework in Frameworks */,
				CD2497D91B2FF43A00AE688F /* StoreKit.framework in Frameworks */,
				CD2497D71B2FF42600AE688F /* Security.framework in Frameworks */,
				CD2497D51B2FF41D00AE688F /* QuartzCore.framework in Frameworks */,
				CD2497D31B2FF41100AE688F /* MobileCoreServices.framework in Frameworks */,
				CD2497D11B2FF40700AE688F /* CoreLocation.framework in Frameworks */,
				CD2497CF1B2FF3FC00AE688F /* CoreGraphics.framework in Frameworks */,
				CD2497CD1B2FF3F200AE688F /* CFNetwork.framework in Frameworks */,
				CD2497CB1B2FF3E900AE688F /* AudioToolbox.framework in Frameworks */,
				CD2497C91B2FF3B000AE688F /* ParseUI.framework in Frameworks */,
				CD2497C51B2FF3B000AE688F /* Parse.framework in Frameworks */,
				CD2497C61B2FF3B000AE688F /* ParseCrashReporting.framework in Frameworks */,
				CD2497C71B2FF3B000AE688F /* ParseFacebookUtils.framework in Frameworks */,
				CD2497C41B2FF3B000AE688F /* Bolts.framework in Frameworks */,
				CD2497C81B2FF3B000AE688F /* ParseFacebookUtilsV4.framework in Frameworks */,
			);
			runOnlyForDeploymentPostprocessing = 0;
		};
		CD2497A91B2FC8DA00AE688F /* Frameworks */ = {
			isa = PBXFrameworksBuildPhase;
			buildActionMask = 2147483647;
			files = (
			);
			runOnlyForDeploymentPostprocessing = 0;
		};
/* End PBXFrameworksBuildPhase section */

/* Begin PBXGroup section */
		3D0D88C81B31293000978C3A /* SDWebImage */ = {
			isa = PBXGroup;
			children = (
				3D0D88C91B31293000978C3A /* MKAnnotationView+WebCache.h */,
				3D0D88CA1B31293000978C3A /* MKAnnotationView+WebCache.m */,
				3D0D88CB1B31293000978C3A /* NSData+ImageContentType.h */,
				3D0D88CC1B31293000978C3A /* NSData+ImageContentType.m */,
				3D0D88CD1B31293000978C3A /* SDImageCache.h */,
				3D0D88CE1B31293000978C3A /* SDImageCache.m */,
				3D0D88CF1B31293000978C3A /* SDWebImageCompat.h */,
				3D0D88D01B31293000978C3A /* SDWebImageCompat.m */,
				3D0D88D11B31293000978C3A /* SDWebImageDecoder.h */,
				3D0D88D21B31293000978C3A /* SDWebImageDecoder.m */,
				3D0D88D31B31293000978C3A /* SDWebImageDownloader.h */,
				3D0D88D41B31293000978C3A /* SDWebImageDownloader.m */,
				3D0D88D51B31293000978C3A /* SDWebImageDownloaderOperation.h */,
				3D0D88D61B31293000978C3A /* SDWebImageDownloaderOperation.m */,
				3D0D88D71B31293000978C3A /* SDWebImageManager.h */,
				3D0D88D81B31293000978C3A /* SDWebImageManager.m */,
				3D0D88D91B31293000978C3A /* SDWebImageOperation.h */,
				3D0D88DA1B31293000978C3A /* SDWebImagePrefetcher.h */,
				3D0D88DB1B31293000978C3A /* SDWebImagePrefetcher.m */,
				3D0D88DC1B31293000978C3A /* UIButton+WebCache.h */,
				3D0D88DD1B31293000978C3A /* UIButton+WebCache.m */,
				3D0D88DE1B31293000978C3A /* UIImage+GIF.h */,
				3D0D88DF1B31293000978C3A /* UIImage+GIF.m */,
				3D0D88E01B31293000978C3A /* UIImage+MultiFormat.h */,
				3D0D88E11B31293000978C3A /* UIImage+MultiFormat.m */,
				3D0D88E21B31293000978C3A /* UIImage+WebP.h */,
				3D0D88E31B31293000978C3A /* UIImage+WebP.m */,
				3D0D88E41B31293000978C3A /* UIImageView+HighlightedWebCache.h */,
				3D0D88E51B31293000978C3A /* UIImageView+HighlightedWebCache.m */,
				3D0D88E61B31293000978C3A /* UIImageView+WebCache.h */,
				3D0D88E71B31293000978C3A /* UIImageView+WebCache.m */,
				3D0D88E81B31293000978C3A /* UIView+WebCacheOperation.h */,
				3D0D88E91B31293000978C3A /* UIView+WebCacheOperation.m */,
			);
			path = SDWebImage;
			sourceTree = "<group>";
		};
		CD24978E1B2FC8DA00AE688F = {
			isa = PBXGroup;
			children = (
				CD2497BC1B2FF39800AE688F /* Lib */,
				CD2497991B2FC8DA00AE688F /* mushroom */,
				CD2497AF1B2FC8DA00AE688F /* mushroomTests */,
				CD2497981B2FC8DA00AE688F /* Products */,
			);
			sourceTree = "<group>";
		};
		CD2497981B2FC8DA00AE688F /* Products */ = {
			isa = PBXGroup;
			children = (
				CD2497971B2FC8DA00AE688F /* mushroom.app */,
				CD2497AC1B2FC8DA00AE688F /* mushroomTests.xctest */,
			);
			name = Products;
			sourceTree = "<group>";
		};
		CD2497991B2FC8DA00AE688F /* mushroom */ = {
			isa = PBXGroup;
			children = (
				CD2497E41B30089200AE688F /* Cells */,
				CD24979C1B2FC8DA00AE688F /* AppDelegate.swift */,
				CD24979E1B2FC8DA00AE688F /* MasterViewController.swift */,
				CD2497A01B2FC8DA00AE688F /* Main.storyboard */,
				CD2497A31B2FC8DA00AE688F /* Images.xcassets */,
				CD2497A51B2FC8DA00AE688F /* LaunchScreen.xib */,
				CD24979A1B2FC8DA00AE688F /* Supporting Files */,
			);
			path = mushroom;
			sourceTree = "<group>";
		};
		CD24979A1B2FC8DA00AE688F /* Supporting Files */ = {
			isa = PBXGroup;
			children = (
				CD24979B1B2FC8DA00AE688F /* Info.plist */,
			);
			name = "Supporting Files";
			sourceTree = "<group>";
		};
		CD2497AF1B2FC8DA00AE688F /* mushroomTests */ = {
			isa = PBXGroup;
			children = (
				CD2497B21B2FC8DA00AE688F /* mushroomTests.swift */,
				CD2497B01B2FC8DA00AE688F /* Supporting Files */,
			);
			path = mushroomTests;
			sourceTree = "<group>";
		};
		CD2497B01B2FC8DA00AE688F /* Supporting Files */ = {
			isa = PBXGroup;
			children = (
				CD2497B11B2FC8DA00AE688F /* Info.plist */,
			);
			name = "Supporting Files";
			sourceTree = "<group>";
		};
		CD2497BC1B2FF39800AE688F /* Lib */ = {
			isa = PBXGroup;
			children = (
				CD2497E21B2FF47B00AE688F /* Social.framework */,
				CD2497E01B2FF47300AE688F /* Accounts.framework */,
				CD2497DE1B2FF46900AE688F /* libsqlite3.dylib */,
				CD2497DC1B2FF45700AE688F /* libz.dylib */,
				CD2497DA1B2FF44700AE688F /* SystemConfiguration.framework */,
				CD2497D81B2FF43A00AE688F /* StoreKit.framework */,
				CD2497D61B2FF42600AE688F /* Security.framework */,
				CD2497D41B2FF41D00AE688F /* QuartzCore.framework */,
				CD2497D21B2FF41100AE688F /* MobileCoreServices.framework */,
				CD2497D01B2FF40700AE688F /* CoreLocation.framework */,
				CD2497CE1B2FF3FC00AE688F /* CoreGraphics.framework */,
				CD2497CC1B2FF3F200AE688F /* CFNetwork.framework */,
				CD2497CA1B2FF3E900AE688F /* AudioToolbox.framework */,
				CD2497BD1B2FF3B000AE688F /* parse-library */,
				3D0D88C81B31293000978C3A /* SDWebImage */,
				3D0D88FA1B31424500978C3A /* mushroom-Bridging-Header.h */,
			);
			name = Lib;
			sourceTree = "<group>";
		};
		CD2497BD1B2FF3B000AE688F /* parse-library */ = {
			isa = PBXGroup;
			children = (
				CD2497BE1B2FF3B000AE688F /* Bolts.framework */,
				CD2497BF1B2FF3B000AE688F /* Parse.framework */,
				CD2497C01B2FF3B000AE688F /* ParseCrashReporting.framework */,
				CD2497C11B2FF3B000AE688F /* ParseFacebookUtils.framework */,
				CD2497C21B2FF3B000AE688F /* ParseFacebookUtilsV4.framework */,
				CD2497C31B2FF3B000AE688F /* ParseUI.framework */,
			);
			path = "parse-library";
			sourceTree = "<group>";
		};
		CD2497E41B30089200AE688F /* Cells */ = {
			isa = PBXGroup;
			children = (
				CD2497E51B3008FA00AE688F /* OpenOffCell.swift */,
				CD2497E61B3008FA00AE688F /* OpenOffCell.xib */,
				3D0D88C21B31289600978C3A /* SalesCell.swift */,
				3D0D88C31B31289600978C3A /* SalesCell.xib */,
			);
			name = Cells;
			sourceTree = "<group>";
		};
/* End PBXGroup section */

/* Begin PBXNativeTarget section */
		CD2497961B2FC8DA00AE688F /* mushroom */ = {
			isa = PBXNativeTarget;
			buildConfigurationList = CD2497B61B2FC8DA00AE688F /* Build configuration list for PBXNativeTarget "mushroom" */;
			buildPhases = (
				CD2497931B2FC8DA00AE688F /* Sources */,
				CD2497941B2FC8DA00AE688F /* Frameworks */,
				CD2497951B2FC8DA00AE688F /* Resources */,
			);
			buildRules = (
			);
			dependencies = (
			);
			name = mushroom;
			productName = mushroom;
			productReference = CD2497971B2FC8DA00AE688F /* mushroom.app */;
			productType = "com.apple.product-type.application";
		};
		CD2497AB1B2FC8DA00AE688F /* mushroomTests */ = {
			isa = PBXNativeTarget;
			buildConfigurationList = CD2497B91B2FC8DA00AE688F /* Build configuration list for PBXNativeTarget "mushroomTests" */;
			buildPhases = (
				CD2497A81B2FC8DA00AE688F /* Sources */,
				CD2497A91B2FC8DA00AE688F /* Frameworks */,
				CD2497AA1B2FC8DA00AE688F /* Resources */,
			);
			buildRules = (
			);
			dependencies = (
				CD2497AE1B2FC8DA00AE688F /* PBXTargetDependency */,
			);
			name = mushroomTests;
			productName = mushroomTests;
			productReference = CD2497AC1B2FC8DA00AE688F /* mushroomTests.xctest */;
			productType = "com.apple.product-type.bundle.unit-test";
		};
/* End PBXNativeTarget section */

/* Begin PBXProject section */
		CD24978F1B2FC8DA00AE688F /* Project object */ = {
			isa = PBXProject;
			attributes = {
				LastSwiftUpdateCheck = 0700;
				LastUpgradeCheck = 0630;
				ORGANIZATIONNAME = Puyan;
				TargetAttributes = {
					CD2497961B2FC8DA00AE688F = {
						CreatedOnToolsVersion = 6.3.2;
						DevelopmentTeam = S6LR7F4F24;
					};
					CD2497AB1B2FC8DA00AE688F = {
						CreatedOnToolsVersion = 6.3.2;
						TestTargetID = CD2497961B2FC8DA00AE688F;
					};
				};
			};
			buildConfigurationList = CD2497921B2FC8DA00AE688F /* Build configuration list for PBXProject "mushroom" */;
			compatibilityVersion = "Xcode 3.2";
			developmentRegion = English;
			hasScannedForEncodings = 0;
			knownRegions = (
				en,
				Base,
			);
			mainGroup = CD24978E1B2FC8DA00AE688F;
			productRefGroup = CD2497981B2FC8DA00AE688F /* Products */;
			projectDirPath = "";
			projectRoot = "";
			targets = (
				CD2497961B2FC8DA00AE688F /* mushroom */,
				CD2497AB1B2FC8DA00AE688F /* mushroomTests */,
			);
		};
/* End PBXProject section */

/* Begin PBXResourcesBuildPhase section */
		CD2497951B2FC8DA00AE688F /* Resources */ = {
			isa = PBXResourcesBuildPhase;
			buildActionMask = 2147483647;
			files = (
				CD2497A21B2FC8DA00AE688F /* Main.storyboard in Resources */,
				CD2497E81B3008FA00AE688F /* OpenOffCell.xib in Resources */,
				CD2497A71B2FC8DA00AE688F /* LaunchScreen.xib in Resources */,
				3D0D88C51B31289600978C3A /* SalesCell.xib in Resources */,
				CD2497A41B2FC8DA00AE688F /* Images.xcassets in Resources */,
			);
			runOnlyForDeploymentPostprocessing = 0;
		};
		CD2497AA1B2FC8DA00AE688F /* Resources */ = {
			isa = PBXResourcesBuildPhase;
			buildActionMask = 2147483647;
			files = (
			);
			runOnlyForDeploymentPostprocessing = 0;
		};
/* End PBXResourcesBuildPhase section */

/* Begin PBXSourcesBuildPhase section */
		CD2497931B2FC8DA00AE688F /* Sources */ = {
			isa = PBXSourcesBuildPhase;
			buildActionMask = 2147483647;
			files = (
				3D0D88F71B31293000978C3A /* UIImageView+HighlightedWebCache.m in Sources */,
				3D0D88F51B31293000978C3A /* UIImage+MultiFormat.m in Sources */,
				3D0D88F01B31293000978C3A /* SDWebImageDownloaderOperation.m in Sources */,
				CD24979F1B2FC8DA00AE688F /* MasterViewController.swift in Sources */,
				3D0D88ED1B31293000978C3A /* SDWebImageCompat.m in Sources */,
				3D0D88F41B31293000978C3A /* UIImage+GIF.m in Sources */,
				3D0D88F21B31293000978C3A /* SDWebImagePrefetcher.m in Sources */,
				3D0D88C41B31289600978C3A /* SalesCell.swift in Sources */,
				CD24979D1B2FC8DA00AE688F /* AppDelegate.swift in Sources */,
				3D0D88F61B31293000978C3A /* UIImage+WebP.m in Sources */,
				3D0D88F81B31293000978C3A /* UIImageView+WebCache.m in Sources */,
				3D0D88EF1B31293000978C3A /* SDWebImageDownloader.m in Sources */,
				3D0D88F91B31293000978C3A /* UIView+WebCacheOperation.m in Sources */,
				3D0D88F31B31293000978C3A /* UIButton+WebCache.m in Sources */,
				3D0D88EA1B31293000978C3A /* MKAnnotationView+WebCache.m in Sources */,
				3D0D88EB1B31293000978C3A /* NSData+ImageContentType.m in Sources */,
				CD2497E71B3008FA00AE688F /* OpenOffCell.swift in Sources */,
				3D0D88F11B31293000978C3A /* SDWebImageManager.m in Sources */,
				3D0D88EE1B31293000978C3A /* SDWebImageDecoder.m in Sources */,
				3D0D88EC1B31293000978C3A /* SDImageCache.m in Sources */,
			);
			runOnlyForDeploymentPostprocessing = 0;
		};
		CD2497A81B2FC8DA00AE688F /* Sources */ = {
			isa = PBXSourcesBuildPhase;
			buildActionMask = 2147483647;
			files = (
				CD2497B31B2FC8DA00AE688F /* mushroomTests.swift in Sources */,
			);
			runOnlyForDeploymentPostprocessing = 0;
		};
/* End PBXSourcesBuildPhase section */

/* Begin PBXTargetDependency section */
		CD2497AE1B2FC8DA00AE688F /* PBXTargetDependency */ = {
			isa = PBXTargetDependency;
			target = CD2497961B2FC8DA00AE688F /* mushroom */;
			targetProxy = CD2497AD1B2FC8DA00AE688F /* PBXContainerItemProxy */;
		};
/* End PBXTargetDependency section */

/* Begin PBXVariantGroup section */
		CD2497A01B2FC8DA00AE688F /* Main.storyboard */ = {
			isa = PBXVariantGroup;
			children = (
				CD2497A11B2FC8DA00AE688F /* Base */,
			);
			name = Main.storyboard;
			sourceTree = "<group>";
		};
		CD2497A51B2FC8DA00AE688F /* LaunchScreen.xib */ = {
			isa = PBXVariantGroup;
			children = (
				CD2497A61B2FC8DA00AE688F /* Base */,
			);
			name = LaunchScreen.xib;
			sourceTree = "<group>";
		};
/* End PBXVariantGroup section */

/* Begin XCBuildConfiguration section */
		CD2497B41B2FC8DA00AE688F /* Debug */ = {
			isa = XCBuildConfiguration;
			buildSettings = {
				ALWAYS_SEARCH_USER_PATHS = NO;
				CLANG_CXX_LANGUAGE_STANDARD = "gnu++0x";
				CLANG_CXX_LIBRARY = "libc++";
				CLANG_ENABLE_MODULES = YES;
				CLANG_ENABLE_OBJC_ARC = YES;
				CLANG_WARN_BOOL_CONVERSION = YES;
				CLANG_WARN_CONSTANT_CONVERSION = YES;
				CLANG_WARN_DIRECT_OBJC_ISA_USAGE = YES_ERROR;
				CLANG_WARN_EMPTY_BODY = YES;
				CLANG_WARN_ENUM_CONVERSION = YES;
				CLANG_WARN_INT_CONVERSION = YES;
				CLANG_WARN_OBJC_ROOT_CLASS = YES_ERROR;
				CLANG_WARN_UNREACHABLE_CODE = YES;
				CLANG_WARN__DUPLICATE_METHOD_MATCH = YES;
				"CODE_SIGN_IDENTITY[sdk=iphoneos*]" = "iPhone Developer";
				COPY_PHASE_STRIP = NO;
				DEBUG_INFORMATION_FORMAT = "dwarf-with-dsym";
				ENABLE_STRICT_OBJC_MSGSEND = YES;
				GCC_C_LANGUAGE_STANDARD = gnu99;
				GCC_DYNAMIC_NO_PIC = NO;
				GCC_NO_COMMON_BLOCKS = YES;
				GCC_OPTIMIZATION_LEVEL = 0;
				GCC_PREPROCESSOR_DEFINITIONS = (
					"DEBUG=1",
					"$(inherited)",
				);
				GCC_SYMBOLS_PRIVATE_EXTERN = NO;
				GCC_WARN_64_TO_32_BIT_CONVERSION = YES;
				GCC_WARN_ABOUT_RETURN_TYPE = YES_ERROR;
				GCC_WARN_UNDECLARED_SELECTOR = YES;
				GCC_WARN_UNINITIALIZED_AUTOS = YES_AGGRESSIVE;
				GCC_WARN_UNUSED_FUNCTION = YES;
				GCC_WARN_UNUSED_VARIABLE = YES;
				IPHONEOS_DEPLOYMENT_TARGET = 8.3;
				MTL_ENABLE_DEBUG_INFO = YES;
				ONLY_ACTIVE_ARCH = YES;
				SDKROOT = iphoneos;
				SWIFT_OPTIMIZATION_LEVEL = "-Onone";
				TARGETED_DEVICE_FAMILY = "1,2";
			};
			name = Debug;
		};
		CD2497B51B2FC8DA00AE688F /* Release */ = {
			isa = XCBuildConfiguration;
			buildSettings = {
				ALWAYS_SEARCH_USER_PATHS = NO;
				CLANG_CXX_LANGUAGE_STANDARD = "gnu++0x";
				CLANG_CXX_LIBRARY = "libc++";
				CLANG_ENABLE_MODULES = YES;
				CLANG_ENABLE_OBJC_ARC = YES;
				CLANG_WARN_BOOL_CONVERSION = YES;
				CLANG_WARN_CONSTANT_CONVERSION = YES;
				CLANG_WARN_DIRECT_OBJC_ISA_USAGE = YES_ERROR;
				CLANG_WARN_EMPTY_BODY = YES;
				CLANG_WARN_ENUM_CONVERSION = YES;
				CLANG_WARN_INT_CONVERSION = YES;
				CLANG_WARN_OBJC_ROOT_CLASS = YES_ERROR;
				CLANG_WARN_UNREACHABLE_CODE = YES;
				CLANG_WARN__DUPLICATE_METHOD_MATCH = YES;
				"CODE_SIGN_IDENTITY[sdk=iphoneos*]" = "iPhone Developer";
				COPY_PHASE_STRIP = NO;
				DEBUG_INFORMATION_FORMAT = "dwarf-with-dsym";
				ENABLE_NS_ASSERTIONS = NO;
				ENABLE_STRICT_OBJC_MSGSEND = YES;
				GCC_C_LANGUAGE_STANDARD = gnu99;
				GCC_NO_COMMON_BLOCKS = YES;
				GCC_WARN_64_TO_32_BIT_CONVERSION = YES;
				GCC_WARN_ABOUT_RETURN_TYPE = YES_ERROR;
				GCC_WARN_UNDECLARED_SELECTOR = YES;
				GCC_WARN_UNINITIALIZED_AUTOS = YES_AGGRESSIVE;
				GCC_WARN_UNUSED_FUNCTION = YES;
				GCC_WARN_UNUSED_VARIABLE = YES;
				IPHONEOS_DEPLOYMENT_TARGET = 8.3;
				MTL_ENABLE_DEBUG_INFO = NO;
				SDKROOT = iphoneos;
				TARGETED_DEVICE_FAMILY = "1,2";
				VALIDATE_PRODUCT = YES;
			};
			name = Release;
		};
		CD2497B71B2FC8DA00AE688F /* Debug */ = {
			isa = XCBuildConfiguration;
			buildSettings = {
				ASSETCATALOG_COMPILER_APPICON_NAME = AppIcon;
				CODE_SIGN_IDENTITY = "iPhone Developer";
				FRAMEWORK_SEARCH_PATHS = (
					"$(inherited)",
					"$(PROJECT_DIR)/parse-library",
				);
				INFOPLIST_FILE = mushroom/Info.plist;
				IPHONEOS_DEPLOYMENT_TARGET = 8.0;
				LD_RUNPATH_SEARCH_PATHS = "$(inherited) @executable_path/Frameworks";
				OTHER_LDFLAGS = "";
				PRODUCT_NAME = "$(TARGET_NAME)";
				SWIFT_OBJC_BRIDGING_HEADER = "/Users/Puyan/Desktop/Mushroom/mushroom/mushroom-Bridging-Header.h";
			};
			name = Debug;
		};
		CD2497B81B2FC8DA00AE688F /* Release */ = {
			isa = XCBuildConfiguration;
			buildSettings = {
				ASSETCATALOG_COMPILER_APPICON_NAME = AppIcon;
				CODE_SIGN_IDENTITY = "iPhone Developer";
				FRAMEWORK_SEARCH_PATHS = (
					"$(inherited)",
					"$(PROJECT_DIR)/parse-library",
				);
				INFOPLIST_FILE = mushroom/Info.plist;
				IPHONEOS_DEPLOYMENT_TARGET = 8.0;
				LD_RUNPATH_SEARCH_PATHS = "$(inherited) @executable_path/Frameworks";
				OTHER_LDFLAGS = "";
				PRODUCT_NAME = "$(TARGET_NAME)";
				SWIFT_OBJC_BRIDGING_HEADER = "/Users/Puyan/Desktop/Mushroom/mushroom/mushroom-Bridging-Header.h";
			};
			name = Release;
		};
		CD2497BA1B2FC8DA00AE688F /* Debug */ = {
			isa = XCBuildConfiguration;
			buildSettings = {
				BUNDLE_LOADER = "$(TEST_HOST)";
				FRAMEWORK_SEARCH_PATHS = (
					"$(SDKROOT)/Developer/Library/Frameworks",
					"$(inherited)",
				);
				GCC_PREPROCESSOR_DEFINITIONS = (
					"DEBUG=1",
					"$(inherited)",
				);
				INFOPLIST_FILE = mushroomTests/Info.plist;
				LD_RUNPATH_SEARCH_PATHS = "$(inherited) @executable_path/Frameworks @loader_path/Frameworks";
				PRODUCT_NAME = "$(TARGET_NAME)";
				TEST_HOST = "$(BUILT_PRODUCTS_DIR)/mushroom.app/mushroom";
			};
			name = Debug;
		};
		CD2497BB1B2FC8DA00AE688F /* Release */ = {
			isa = XCBuildConfiguration;
			buildSettings = {
				BUNDLE_LOADER = "$(TEST_HOST)";
				FRAMEWORK_SEARCH_PATHS = (
					"$(SDKROOT)/Developer/Library/Frameworks",
					"$(inherited)",
				);
				INFOPLIST_FILE = mushroomTests/Info.plist;
				LD_RUNPATH_SEARCH_PATHS = "$(inherited) @executable_path/Frameworks @loader_path/Frameworks";
				PRODUCT_NAME = "$(TARGET_NAME)";
				TEST_HOST = "$(BUILT_PRODUCTS_DIR)/mushroom.app/mushroom";
			};
			name = Release;
		};
/* End XCBuildConfiguration section */

/* Begin XCConfigurationList section */
		CD2497921B2FC8DA00AE688F /* Build configuration list for PBXProject "mushroom" */ = {
			isa = XCConfigurationList;
			buildConfigurations = (
				CD2497B41B2FC8DA00AE688F /* Debug */,
				CD2497B51B2FC8DA00AE688F /* Release */,
			);
			defaultConfigurationIsVisible = 0;
			defaultConfigurationName = Release;
		};
		CD2497B61B2FC8DA00AE688F /* Build configuration list for PBXNativeTarget "mushroom" */ = {
			isa = XCConfigurationList;
			buildConfigurations = (
				CD2497B71B2FC8DA00AE688F /* Debug */,
				CD2497B81B2FC8DA00AE688F /* Release */,
			);
			defaultConfigurationIsVisible = 0;
			defaultConfigurationName = Release;
		};
		CD2497B91B2FC8DA00AE688F /* Build configuration list for PBXNativeTarget "mushroomTests" */ = {
			isa = XCConfigurationList;
			buildConfigurations = (
				CD2497BA1B2FC8DA00AE688F /* Debug */,
				CD2497BB1B2FC8DA00AE688F /* Release */,
			);
			defaultConfigurationIsVisible = 0;
			defaultConfigurationName = Release;
		};
/* End XCConfigurationList section */
	};
	rootObject = CD24978F1B2FC8DA00AE688F /* Project object */;
}
